// !$*UTF8*$!
{
	archiveVersion = 1;
	classes = {
	};
	objectVersion = 50;
	objects = {

/* Begin PBXBuildFile section */
		9B3D3678231755BD00C616BA /* AppDelegate.swift in Sources */ = {isa = PBXBuildFile; fileRef = 9B3D3677231755BD00C616BA /* AppDelegate.swift */; };
		9B3D367A231755BD00C616BA /* ViewController.swift in Sources */ = {isa = PBXBuildFile; fileRef = 9B3D3679231755BD00C616BA /* ViewController.swift */; };
		9B3D367D231755BD00C616BA /* Main.storyboard in Resources */ = {isa = PBXBuildFile; fileRef = 9B3D367B231755BD00C616BA /* Main.storyboard */; };
		9B3D367F231755C000C616BA /* Assets.xcassets in Resources */ = {isa = PBXBuildFile; fileRef = 9B3D367E231755C000C616BA /* Assets.xcassets */; };
		9B3D3682231755C000C616BA /* LaunchScreen.storyboard in Resources */ = {isa = PBXBuildFile; fileRef = 9B3D3680231755C000C616BA /* LaunchScreen.storyboard */; };
		9B3D368A231755FE00C616BA /* Node.swift in Sources */ = {isa = PBXBuildFile; fileRef = 9B3D3689231755FE00C616BA /* Node.swift */; };
		9B3D368C2317564900C616BA /* ArrayExtensions.swift in Sources */ = {isa = PBXBuildFile; fileRef = 9B3D368B2317564900C616BA /* ArrayExtensions.swift */; };
		9B3D368E231756F600C616BA /* SearchLogic.swift in Sources */ = {isa = PBXBuildFile; fileRef = 9B3D368D231756F600C616BA /* SearchLogic.swift */; };
/* End PBXBuildFile section */

/* Begin PBXFileReference section */
		9B3D3674231755BD00C616BA /* PathTask2.app */ = {isa = PBXFileReference; explicitFileType = wrapper.application; includeInIndex = 0; path = PathTask2.app; sourceTree = BUILT_PRODUCTS_DIR; };
		9B3D3677231755BD00C616BA /* AppDelegate.swift */ = {isa = PBXFileReference; lastKnownFileType = sourcecode.swift; path = AppDelegate.swift; sourceTree = "<group>"; };
		9B3D3679231755BD00C616BA /* ViewController.swift */ = {isa = PBXFileReference; lastKnownFileType = sourcecode.swift; path = ViewController.swift; sourceTree = "<group>"; };
		9B3D367C231755BD00C616BA /* Base */ = {isa = PBXFileReference; lastKnownFileType = file.storyboard; name = Base; path = Base.lproj/Main.storyboard; sourceTree = "<group>"; };
		9B3D367E231755C000C616BA /* Assets.xcassets */ = {isa = PBXFileReference; lastKnownFileType = folder.assetcatalog; path = Assets.xcassets; sourceTree = "<group>"; };
		9B3D3681231755C000C616BA /* Base */ = {isa = PBXFileReference; lastKnownFileType = file.storyboard; name = Base; path = Base.lproj/LaunchScreen.storyboard; sourceTree = "<group>"; };
		9B3D3683231755C000C616BA /* Info.plist */ = {isa = PBXFileReference; lastKnownFileType = text.plist.xml; path = Info.plist; sourceTree = "<group>"; };
		9B3D3689231755FE00C616BA /* Node.swift */ = {isa = PBXFileReference; lastKnownFileType = sourcecode.swift; path = Node.swift; sourceTree = "<group>"; };
		9B3D368B2317564900C616BA /* ArrayExtensions.swift */ = {isa = PBXFileReference; lastKnownFileType = sourcecode.swift; path = ArrayExtensions.swift; sourceTree = "<group>"; };
		9B3D368D231756F600C616BA /* SearchLogic.swift */ = {isa = PBXFileReference; lastKnownFileType = sourcecode.swift; path = SearchLogic.swift; sourceTree = "<group>"; };
/* End PBXFileReference section */

/* Begin PBXFrameworksBuildPhase section */
		9B3D3671231755BD00C616BA /* Frameworks */ = {
			isa = PBXFrameworksBuildPhase;
			buildActionMask = 2147483647;
			files = (
			);
			runOnlyForDeploymentPostprocessing = 0;
		};
/* End PBXFrameworksBuildPhase section */

/* Begin PBXGroup section */
		9B3D366B231755BC00C616BA = {
			isa = PBXGroup;
			children = (
				9B3D3676231755BD00C616BA /* PathTask2 */,
				9B3D3675231755BD00C616BA /* Products */,
			);
			sourceTree = "<group>";
		};
		9B3D3675231755BD00C616BA /* Products */ = {
			isa = PBXGroup;
			children = (
				9B3D3674231755BD00C616BA /* PathTask2.app */,
			);
			name = Products;
			sourceTree = "<group>";
		};
		9B3D3676231755BD00C616BA /* PathTask2 */ = {
			isa = PBXGroup;
			children = (
				9B3D3677231755BD00C616BA /* AppDelegate.swift */,
				9B3D3679231755BD00C616BA /* ViewController.swift */,
				9B3D3689231755FE00C616BA /* Node.swift */,
				9B3D368D231756F600C616BA /* SearchLogic.swift */,
				9B3D368B2317564900C616BA /* ArrayExtensions.swift */,
				9B3D367B231755BD00C616BA /* Main.storyboard */,
				9B3D367E231755C000C616BA /* Assets.xcassets */,
				9B3D3680231755C000C616BA /* LaunchScreen.storyboard */,
				9B3D3683231755C000C616BA /* Info.plist */,
			);
			path = PathTask2;
			sourceTree = "<group>";
		};
/* End PBXGroup section */

/* Begin PBXNativeTarget section */
		9B3D3673231755BD00C616BA /* PathTask2 */ = {
			isa = PBXNativeTarget;
			buildConfigurationList = 9B3D3686231755C000C616BA /* Build configuration list for PBXNativeTarget "PathTask2" */;
			buildPhases = (
				9B3D3670231755BD00C616BA /* Sources */,
				9B3D3671231755BD00C616BA /* Frameworks */,
				9B3D3672231755BD00C616BA /* Resources */,
			);
			buildRules = (
			);
			dependencies = (
			);
			name = PathTask2;
			productName = PathTask2;
			productReference = 9B3D3674231755BD00C616BA /* PathTask2.app */;
			productType = "com.apple.product-type.application";
		};
/* End PBXNativeTarget section */

/* Begin PBXProject section */
		9B3D366C231755BC00C616BA /* Project object */ = {
			isa = PBXProject;
			attributes = {
				LastSwiftUpdateCheck = 1020;
				LastUpgradeCheck = 1020;
				ORGANIZATIONNAME = "Алексей Перов";
				TargetAttributes = {
					9B3D3673231755BD00C616BA = {
						CreatedOnToolsVersion = 10.2.1;
					};
				};
			};
			buildConfigurationList = 9B3D366F231755BC00C616BA /* Build configuration list for PBXProject "PathTask2" */;
			compatibilityVersion = "Xcode 9.3";
			developmentRegion = en;
			hasScannedForEncodings = 0;
			knownRegions = (
				en,
				Base,
			);
			mainGroup = 9B3D366B231755BC00C616BA;
			productRefGroup = 9B3D3675231755BD00C616BA /* Products */;
			projectDirPath = "";
			projectRoot = "";
			targets = (
				9B3D3673231755BD00C616BA /* PathTask2 */,
			);
		};
/* End PBXProject section */

/* Begin PBXResourcesBuildPhase section */
		9B3D3672231755BD00C616BA /* Resources */ = {
			isa = PBXResourcesBuildPhase;
			buildActionMask = 2147483647;
			files = (
				9B3D3682231755C000C616BA /* LaunchScreen.storyboard in Resources */,
				9B3D367F231755C000C616BA /* Assets.xcassets in Resources */,
				9B3D367D231755BD00C616BA /* Main.storyboard in Resources */,
			);
			runOnlyForDeploymentPostprocessing = 0;
		};
/* End PBXResourcesBuildPhase section */

/* Begin PBXSourcesBuildPhase section */
		9B3D3670231755BD00C616BA /* Sources */ = {
			isa = PBXSourcesBuildPhase;
			buildActionMask = 2147483647;
			files = (
				9B3D368A231755FE00C616BA /* Node.swift in Sources */,
				9B3D367A231755BD00C616BA /* ViewController.swift in Sources */,
				9B3D3678231755BD00C616BA /* AppDelegate.swift in Sources */,
				9B3D368E231756F600C616BA /* SearchLogic.swift in Sources */,
				9B3D368C2317564900C616BA /* ArrayExtensions.swift in Sources */,
			);
			runOnlyForDeploymentPostprocessing = 0;
		};
/* End PBXSourcesBuildPhase section */

/* Begin PBXVariantGroup section */
		9B3D367B231755BD00C616BA /* Main.storyboard */ = {
			isa = PBXVariantGroup;
			children = (
				9B3D367C231755BD00C616BA /* Base */,
			);
			name = Main.storyboard;
			sourceTree = "<group>";
		};
		9B3D3680231755C000C616BA /* LaunchScreen.storyboard */ = {
			isa = PBXVariantGroup;
			children = (
				9B3D3681231755C000C616BA /* Base */,
			);
			name = LaunchScreen.storyboard;
			sourceTree = "<group>";
		};
/* End PBXVariantGroup section */

/* Begin XCBuildConfiguration section */
		9B3D3684231755C000C616BA /* Debug */ = {
			isa = XCBuildConfiguration;
			buildSettings = {
				ALWAYS_SEARCH_USER_PATHS = NO;
				CLANG_ANALYZER_NONNULL = YES;
				CLANG_ANALYZER_NUMBER_OBJECT_CONVERSION = YES_AGGRESSIVE;
				CLANG_CXX_LANGUAGE_STANDARD = "gnu++14";
				CLANG_CXX_LIBRARY = "libc++";
				CLANG_ENABLE_MODULES = YES;
				CLANG_ENABLE_OBJC_ARC = YES;
				CLANG_ENABLE_OBJC_WEAK = YES;
				CLANG_WARN_BLOCK_CAPTURE_AUTORELEASING = YES;
				CLANG_WARN_BOOL_CONVERSION = YES;
				CLANG_WARN_COMMA = YES;
				CLANG_WARN_CONSTANT_CONVERSION = YES;
				CLANG_WARN_DEPRECATED_OBJC_IMPLEMENTATIONS = YES;
				CLANG_WARN_DIRECT_OBJC_ISA_USAGE = YES_ERROR;
				CLANG_WARN_DOCUMENTATION_COMMENTS = YES;
				CLANG_WARN_EMPTY_BODY = YES;
				CLANG_WARN_ENUM_CONVERSION = YES;
				CLANG_WARN_INFINITE_RECURSION = YES;
				CLANG_WARN_INT_CONVERSION = YES;
				CLANG_WARN_NON_LITERAL_NULL_CONVERSION = YES;
				CLANG_WARN_OBJC_IMPLICIT_RETAIN_SELF = YES;
				CLANG_WARN_OBJC_LITERAL_CONVERSION = YES;
				CLANG_WARN_OBJC_ROOT_CLASS = YES_ERROR;
				CLANG_WARN_RANGE_LOOP_ANALYSIS = YES;
				CLANG_WARN_STRICT_PROTOTYPES = YES;
				CLANG_WARN_SUSPICIOUS_MOVE = YES;
				CLANG_WARN_UNGUARDED_AVAILABILITY = YES_AGGRESSIVE;
				CLANG_WARN_UNREACHABLE_CODE = YES;
				CLANG_WARN__DUPLICATE_METHOD_MATCH = YES;
				CODE_SIGN_IDENTITY = "iPhone Developer";
				COPY_PHASE_STRIP = NO;
				DEBUG_INFORMATION_FORMAT = dwarf;
				ENABLE_STRICT_OBJC_MSGSEND = YES;
				ENABLE_TESTABILITY = YES;
				GCC_C_LANGUAGE_STANDARD = gnu11;
				GCC_DYNAMIC_NO_PIC = NO;
				GCC_NO_COMMON_BLOCKS = YES;
				GCC_OPTIMIZATION_LEVEL = 0;
				GCC_PREPROCESSOR_DEFINITIONS = (
					"DEBUG=1",
					"$(inherited)",
				);
				GCC_WARN_64_TO_32_BIT_CONVERSION = YES;
				GCC_WARN_ABOUT_RETURN_TYPE = YES_ERROR;
				GCC_WARN_UNDECLARED_SELECTOR = YES;
				GCC_WARN_UNINITIALIZED_AUTOS = YES_AGGRESSIVE;
				GCC_WARN_UNUSED_FUNCTION = YES;
				GCC_WARN_UNUSED_VARIABLE = YES;
				IPHONEOS_DEPLOYMENT_TARGET = 12.2;
				MTL_ENABLE_DEBUG_INFO = INCLUDE_SOURCE;
				MTL_FAST_MATH = YES;
				ONLY_ACTIVE_ARCH = YES;
				SDKROOT = iphoneos;
				SWIFT_ACTIVE_COMPILATION_CONDITIONS = DEBUG;
				SWIFT_OPTIMIZATION_LEVEL = "-Onone";
			};
			name = Debug;
		};
		9B3D3685231755C000C616BA /* Release */ = {
			isa = XCBuildConfiguration;
			buildSettings = {
				ALWAYS_SEARCH_USER_PATHS = NO;
				CLANG_ANALYZER_NONNULL = YES;
				CLANG_ANALYZER_NUMBER_OBJECT_CONVERSION = YES_AGGRESSIVE;
				CLANG_CXX_LANGUAGE_STANDARD = "gnu++14";
				CLANG_CXX_LIBRARY = "libc++";
				CLANG_ENABLE_MODULES = YES;
				CLANG_ENABLE_OBJC_ARC = YES;
				CLANG_ENABLE_OBJC_WEAK = YES;
				CLANG_WARN_BLOCK_CAPTURE_AUTORELEASING = YES;
				CLANG_WARN_BOOL_CONVERSION = YES;
				CLANG_WARN_COMMA = YES;
				CLANG_WARN_CONSTANT_CONVERSION = YES;
				CLANG_WARN_DEPRECATED_OBJC_IMPLEMENTATIONS = YES;
				CLANG_WARN_DIRECT_OBJC_ISA_USAGE = YES_ERROR;
				CLANG_WARN_DOCUMENTATION_COMMENTS = YES;
				CLANG_WARN_EMPTY_BODY = YES;
				CLANG_WARN_ENUM_CONVERSION = YES;
				CLANG_WARN_INFINITE_RECURSION = YES;
				CLANG_WARN_INT_CONVERSION = YES;
				CLANG_WARN_NON_LITERAL_NULL_CONVERSION = YES;
				CLANG_WARN_OBJC_IMPLICIT_RETAIN_SELF = YES;
				CLANG_WARN_OBJC_LITERAL_CONVERSION = YES;
				CLANG_WARN_OBJC_ROOT_CLASS = YES_ERROR;
				CLANG_WARN_RANGE_LOOP_ANALYSIS = YES;
				CLANG_WARN_STRICT_PROTOTYPES = YES;
				CLANG_WARN_SUSPICIOUS_MOVE = YES;
				CLANG_WARN_UNGUARDED_AVAILABILITY = YES_AGGRESSIVE;
				CLANG_WARN_UNREACHABLE_CODE = YES;
				CLANG_WARN__DUPLICATE_METHOD_MATCH = YES;
				CODE_SIGN_IDENTITY = "iPhone Developer";
				COPY_PHASE_STRIP = NO;
				DEBUG_INFORMATION_FORMAT = "dwarf-with-dsym";
				ENABLE_NS_ASSERTIONS = NO;
				ENABLE_STRICT_OBJC_MSGSEND = YES;
				GCC_C_LANGUAGE_STANDARD = gnu11;
				GCC_NO_COMMON_BLOCKS = YES;
				GCC_WARN_64_TO_32_BIT_CONVERSION = YES;
				GCC_WARN_ABOUT_RETURN_TYPE = YES_ERROR;
				GCC_WARN_UNDECLARED_SELECTOR = YES;
				GCC_WARN_UNINITIALIZED_AUTOS = YES_AGGRESSIVE;
				GCC_WARN_UNUSED_FUNCTION = YES;
				GCC_WARN_UNUSED_VARIABLE = YES;
				IPHONEOS_DEPLOYMENT_TARGET = 12.2;
				MTL_ENABLE_DEBUG_INFO = NO;
				MTL_FAST_MATH = YES;
				SDKROOT = iphoneos;
				SWIFT_COMPILATION_MODE = wholemodule;
				SWIFT_OPTIMIZATION_LEVEL = "-O";
				VALIDATE_PRODUCT = YES;
			};
			name = Release;
		};
		9B3D3687231755C000C616BA /* Debug */ = {
			isa = XCBuildConfiguration;
			buildSettings = {
				ASSETCATALOG_COMPILER_APPICON_NAME = AppIcon;
				CODE_SIGN_STYLE = Automatic;
				DEVELOPMENT_TEAM = 8CTGEUBGR5;
				INFOPLIST_FILE = PathTask2/Info.plist;
				LD_RUNPATH_SEARCH_PATHS = (
					"$(inherited)",
					"@executable_path/Frameworks",
				);
				PRODUCT_BUNDLE_IDENTIFIER = example.PathTask2;
				PRODUCT_NAME = "$(TARGET_NAME)";
				SWIFT_VERSION = 5.0;
				TARGETED_DEVICE_FAMILY = "1,2";
			};
			name = Debug;
		};
		9B3D3688231755C000C616BA /* Release */ = {
			isa = XCBuildConfiguration;
			buildSettings = {
				ASSETCATALOG_COMPILER_APPICON_NAME = AppIcon;
				CODE_SIGN_STYLE = Automatic;
				DEVELOPMENT_TEAM = 8CTGEUBGR5;
				INFOPLIST_FILE = PathTask2/Info.plist;
				LD_RUNPATH_SEARCH_PATHS = (
					"$(inherited)",
					"@executable_path/Frameworks",
				);
				PRODUCT_BUNDLE_IDENTIFIER = example.PathTask2;
				PRODUCT_NAME = "$(TARGET_NAME)";
				SWIFT_VERSION = 5.0;
				TARGETED_DEVICE_FAMILY = "1,2";
			};
			name = Release;
		};
/* End XCBuildConfiguration section */

/* Begin XCConfigurationList section */
		9B3D366F231755BC00C616BA /* Build configuration list for PBXProject "PathTask2" */ = {
			isa = XCConfigurationList;
			buildConfigurations = (
				9B3D3684231755C000C616BA /* Debug */,
				9B3D3685231755C000C616BA /* Release */,
			);
			defaultConfigurationIsVisible = 0;
			defaultConfigurationName = Release;
		};
		9B3D3686231755C000C616BA /* Build configuration list for PBXNativeTarget "PathTask2" */ = {
			isa = XCConfigurationList;
			buildConfigurations = (
				9B3D3687231755C000C616BA /* Debug */,
				9B3D3688231755C000C616BA /* Release */,
			);
			defaultConfigurationIsVisible = 0;
			defaultConfigurationName = Release;
		};
/* End XCConfigurationList section */
	};
	rootObject = 9B3D366C231755BC00C616BA /* Project object */;
}
